
Microsoft Visual Studio Solution File, Format Version 12.00
# Visual Studio Version 17
VisualStudioVersion = 17.7.34018.315
MinimumVisualStudioVersion = 10.0.40219.1
Project("{9A19103F-16F7-4668-BE54-9A1E7A4F7556}") = "waywego", "waywego.csproj", "{8D76581A-FD18-4BDD-A329-A433F6C6E9D0}"
EndProject
Project("{FAE04EC0-301F-11D3-BF4B-00C04F79EFBC}") = "waywego.Tests", "..\waywego.Tests\waywego.Tests.csproj", "{F85A2660-9C9B-4CB8-9CDB-56F3FFB75D14}"
EndProject
Global
	GlobalSection(SolutionConfigurationPlatforms) = preSolution
		Debug|Any CPU = Debug|Any CPU
		Release|Any CPU = Release|Any CPU
	EndGlobalSection
	GlobalSection(ProjectConfigurationPlatforms) = postSolution
		{8D76581A-FD18-4BDD-A329-A433F6C6E9D0}.Debug|Any CPU.ActiveCfg = Debug|Any CPU
		{8D76581A-FD18-4BDD-A329-A433F6C6E9D0}.Debug|Any CPU.Build.0 = Debug|Any CPU
		{8D76581A-FD18-4BDD-A329-A433F6C6E9D0}.Debug|Any CPU.Deploy.0 = Debug|Any CPU
		{8D76581A-FD18-4BDD-A329-A433F6C6E9D0}.Release|Any CPU.ActiveCfg = Release|Any CPU
		{8D76581A-FD18-4BDD-A329-A433F6C6E9D0}.Release|Any CPU.Build.0 = Release|Any CPU
		{8D76581A-FD18-4BDD-A329-A433F6C6E9D0}.Release|Any CPU.Deploy.0 = Release|Any CPU
		{F85A2660-9C9B-4CB8-9CDB-56F3FFB75D14}.Debug|Any CPU.ActiveCfg = Debug|Any CPU
		{F85A2660-9C9B-4CB8-9CDB-56F3FFB75D14}.Debug|Any CPU.Build.0 = Debug|Any CPU
		{F85A2660-9C9B-4CB8-9CDB-56F3FFB75D14}.Release|Any CPU.ActiveCfg = Release|Any CPU
		{F85A2660-9C9B-4CB8-9CDB-56F3FFB75D14}.Release|Any CPU.Build.0 = Release|Any CPU
	EndGlobalSection
	GlobalSection(SolutionProperties) = preSolution
		HideSolutionNode = FALSE
	EndGlobalSection
	GlobalSection(ExtensibilityGlobals) = postSolution
		SolutionGuid = {E9AF227D-2F7F-48AE-AF93-E6767D40886D}
	EndGlobalSection
EndGlobal
